
Microsoft Visual Studio Solution File, Format Version 10.00
# Visual Studio 2008
Project("{FAE04EC0-301F-11D3-BF4B-00C04F79EFBC}") = "Runes", "Runes\Runes.csproj", "{CF350C15-F4A3-4A95-9680-42EF9E2C9D88}"
EndProject
Global
	GlobalSection(SolutionConfigurationPlatforms) = preSolution
		Debug|Any CPU = Debug|Any CPU
		Release|Any CPU = Release|Any CPU
	EndGlobalSection
	GlobalSection(ProjectConfigurationPlatforms) = postSolution
		{CF350C15-F4A3-4A95-9680-42EF9E2C9D88}.Debug|Any CPU.ActiveCfg = Debug|Any CPU
		{CF350C15-F4A3-4A95-9680-42EF9E2C9D88}.Debug|Any CPU.Build.0 = Debug|Any CPU
		{CF350C15-F4A3-4A95-9680-42EF9E2C9D88}.Release|Any CPU.ActiveCfg = Release|Any CPU
		{CF350C15-F4A3-4A95-9680-42EF9E2C9D88}.Release|Any CPU.Build.0 = Release|Any CPU
	EndGlobalSection
	GlobalSection(SolutionProperties) = preSolution
		HideSolutionNode = FALSE
	EndGlobalSection
EndGlobal
